// !$*UTF8*$!
{
	archiveVersion = 1;
	classes = {
	};
	objectVersion = 50;
	objects = {

/* Begin PBXBuildFile section */
		CC9A861C26DC43FD00D7B9D8 /* AppDelegate.swift in Sources */ = {isa = PBXBuildFile; fileRef = CC9A861B26DC43FD00D7B9D8 /* AppDelegate.swift */; };
		CC9A861E26DC43FD00D7B9D8 /* SceneDelegate.swift in Sources */ = {isa = PBXBuildFile; fileRef = CC9A861D26DC43FD00D7B9D8 /* SceneDelegate.swift */; };
		CC9A862026DC43FD00D7B9D8 /* ViewController.swift in Sources */ = {isa = PBXBuildFile; fileRef = CC9A861F26DC43FD00D7B9D8 /* ViewController.swift */; };
		CC9A862326DC43FD00D7B9D8 /* Main.storyboard in Resources */ = {isa = PBXBuildFile; fileRef = CC9A862126DC43FD00D7B9D8 /* Main.storyboard */; };
		CC9A862526DC440000D7B9D8 /* Assets.xcassets in Resources */ = {isa = PBXBuildFile; fileRef = CC9A862426DC440000D7B9D8 /* Assets.xcassets */; };
		CC9A862826DC440000D7B9D8 /* LaunchScreen.storyboard in Resources */ = {isa = PBXBuildFile; fileRef = CC9A862626DC440000D7B9D8 /* LaunchScreen.storyboard */; };
		CC9A863326DC440000D7B9D8 /* You_Are_Awesome_Tests.swift in Sources */ = {isa = PBXBuildFile; fileRef = CC9A863226DC440000D7B9D8 /* You_Are_Awesome_Tests.swift */; };
		CC9A863E26DC440000D7B9D8 /* You_Are_Awesome_UITests.swift in Sources */ = {isa = PBXBuildFile; fileRef = CC9A863D26DC440000D7B9D8 /* You_Are_Awesome_UITests.swift */; };
/* End PBXBuildFile section */

/* Begin PBXContainerItemProxy section */
		CC9A862F26DC440000D7B9D8 /* PBXContainerItemProxy */ = {
			isa = PBXContainerItemProxy;
			containerPortal = CC9A861026DC43FD00D7B9D8 /* Project object */;
			proxyType = 1;
			remoteGlobalIDString = CC9A861726DC43FD00D7B9D8;
			remoteInfo = "You Are Awesome!";
		};
		CC9A863A26DC440000D7B9D8 /* PBXContainerItemProxy */ = {
			isa = PBXContainerItemProxy;
			containerPortal = CC9A861026DC43FD00D7B9D8 /* Project object */;
			proxyType = 1;
			remoteGlobalIDString = CC9A861726DC43FD00D7B9D8;
			remoteInfo = "You Are Awesome!";
		};
/* End PBXContainerItemProxy section */

/* Begin PBXFileReference section */
		CC9A861826DC43FD00D7B9D8 /* You Are Awesome!.app */ = {isa = PBXFileReference; explicitFileType = wrapper.application; includeInIndex = 0; path = "You Are Awesome!.app"; sourceTree = BUILT_PRODUCTS_DIR; };
		CC9A861B26DC43FD00D7B9D8 /* AppDelegate.swift */ = {isa = PBXFileReference; lastKnownFileType = sourcecode.swift; path = AppDelegate.swift; sourceTree = "<group>"; };
		CC9A861D26DC43FD00D7B9D8 /* SceneDelegate.swift */ = {isa = PBXFileReference; lastKnownFileType = sourcecode.swift; path = SceneDelegate.swift; sourceTree = "<group>"; };
		CC9A861F26DC43FD00D7B9D8 /* ViewController.swift */ = {isa = PBXFileReference; lastKnownFileType = sourcecode.swift; path = ViewController.swift; sourceTree = "<group>"; };
		CC9A862226DC43FD00D7B9D8 /* Base */ = {isa = PBXFileReference; lastKnownFileType = file.storyboard; name = Base; path = Base.lproj/Main.storyboard; sourceTree = "<group>"; };
		CC9A862426DC440000D7B9D8 /* Assets.xcassets */ = {isa = PBXFileReference; lastKnownFileType = folder.assetcatalog; path = Assets.xcassets; sourceTree = "<group>"; };
		CC9A862726DC440000D7B9D8 /* Base */ = {isa = PBXFileReference; lastKnownFileType = file.storyboard; name = Base; path = Base.lproj/LaunchScreen.storyboard; sourceTree = "<group>"; };
		CC9A862926DC440000D7B9D8 /* Info.plist */ = {isa = PBXFileReference; lastKnownFileType = text.plist.xml; path = Info.plist; sourceTree = "<group>"; };
		CC9A862E26DC440000D7B9D8 /* You Are Awesome!Tests.xctest */ = {isa = PBXFileReference; explicitFileType = wrapper.cfbundle; includeInIndex = 0; path = "You Are Awesome!Tests.xctest"; sourceTree = BUILT_PRODUCTS_DIR; };
		CC9A863226DC440000D7B9D8 /* You_Are_Awesome_Tests.swift */ = {isa = PBXFileReference; lastKnownFileType = sourcecode.swift; path = You_Are_Awesome_Tests.swift; sourceTree = "<group>"; };
		CC9A863426DC440000D7B9D8 /* Info.plist */ = {isa = PBXFileReference; lastKnownFileType = text.plist.xml; path = Info.plist; sourceTree = "<group>"; };
		CC9A863926DC440000D7B9D8 /* You Are Awesome!UITests.xctest */ = {isa = PBXFileReference; explicitFileType = wrapper.cfbundle; includeInIndex = 0; path = "You Are Awesome!UITests.xctest"; sourceTree = BUILT_PRODUCTS_DIR; };
		CC9A863D26DC440000D7B9D8 /* You_Are_Awesome_UITests.swift */ = {isa = PBXFileReference; lastKnownFileType = sourcecode.swift; path = You_Are_Awesome_UITests.swift; sourceTree = "<group>"; };
		CC9A863F26DC440000D7B9D8 /* Info.plist */ = {isa = PBXFileReference; lastKnownFileType = text.plist.xml; path = Info.plist; sourceTree = "<group>"; };
/* End PBXFileReference section */

/* Begin PBXFrameworksBuildPhase section */
		CC9A861526DC43FD00D7B9D8 /* Frameworks */ = {
			isa = PBXFrameworksBuildPhase;
			buildActionMask = 2147483647;
			files = (
			);
			runOnlyForDeploymentPostprocessing = 0;
		};
		CC9A862B26DC440000D7B9D8 /* Frameworks */ = {
			isa = PBXFrameworksBuildPhase;
			buildActionMask = 2147483647;
			files = (
			);
			runOnlyForDeploymentPostprocessing = 0;
		};
		CC9A863626DC440000D7B9D8 /* Frameworks */ = {
			isa = PBXFrameworksBuildPhase;
			buildActionMask = 2147483647;
			files = (
			);
			runOnlyForDeploymentPostprocessing = 0;
		};
/* End PBXFrameworksBuildPhase section */

/* Begin PBXGroup section */
		CC9A860F26DC43FD00D7B9D8 = {
			isa = PBXGroup;
			children = (
				CC9A861A26DC43FD00D7B9D8 /* You Are Awesome! */,
				CC9A863126DC440000D7B9D8 /* You Are Awesome!Tests */,
				CC9A863C26DC440000D7B9D8 /* You Are Awesome!UITests */,
				CC9A861926DC43FD00D7B9D8 /* Products */,
			);
			sourceTree = "<group>";
		};
		CC9A861926DC43FD00D7B9D8 /* Products */ = {
			isa = PBXGroup;
			children = (
				CC9A861826DC43FD00D7B9D8 /* You Are Awesome!.app */,
				CC9A862E26DC440000D7B9D8 /* You Are Awesome!Tests.xctest */,
				CC9A863926DC440000D7B9D8 /* You Are Awesome!UITests.xctest */,
			);
			name = Products;
			sourceTree = "<group>";
		};
		CC9A861A26DC43FD00D7B9D8 /* You Are Awesome! */ = {
			isa = PBXGroup;
			children = (
				CC9A861B26DC43FD00D7B9D8 /* AppDelegate.swift */,
				CC9A861D26DC43FD00D7B9D8 /* SceneDelegate.swift */,
				CC9A861F26DC43FD00D7B9D8 /* ViewController.swift */,
				CC9A862126DC43FD00D7B9D8 /* Main.storyboard */,
				CC9A862426DC440000D7B9D8 /* Assets.xcassets */,
				CC9A862626DC440000D7B9D8 /* LaunchScreen.storyboard */,
				CC9A862926DC440000D7B9D8 /* Info.plist */,
			);
			path = "You Are Awesome!";
			sourceTree = "<group>";
		};
		CC9A863126DC440000D7B9D8 /* You Are Awesome!Tests */ = {
			isa = PBXGroup;
			children = (
				CC9A863226DC440000D7B9D8 /* You_Are_Awesome_Tests.swift */,
				CC9A863426DC440000D7B9D8 /* Info.plist */,
			);
			path = "You Are Awesome!Tests";
			sourceTree = "<group>";
		};
		CC9A863C26DC440000D7B9D8 /* You Are Awesome!UITests */ = {
			isa = PBXGroup;
			children = (
				CC9A863D26DC440000D7B9D8 /* You_Are_Awesome_UITests.swift */,
				CC9A863F26DC440000D7B9D8 /* Info.plist */,
			);
			path = "You Are Awesome!UITests";
			sourceTree = "<group>";
		};
/* End PBXGroup section */

/* Begin PBXNativeTarget section */
		CC9A861726DC43FD00D7B9D8 /* You Are Awesome! */ = {
			isa = PBXNativeTarget;
			buildConfigurationList = CC9A864226DC440000D7B9D8 /* Build configuration list for PBXNativeTarget "You Are Awesome!" */;
			buildPhases = (
				CC9A861426DC43FD00D7B9D8 /* Sources */,
				CC9A861526DC43FD00D7B9D8 /* Frameworks */,
				CC9A861626DC43FD00D7B9D8 /* Resources */,
			);
			buildRules = (
			);
			dependencies = (
			);
			name = "You Are Awesome!";
			productName = "You Are Awesome!";
			productReference = CC9A861826DC43FD00D7B9D8 /* You Are Awesome!.app */;
			productType = "com.apple.product-type.application";
		};
		CC9A862D26DC440000D7B9D8 /* You Are Awesome!Tests */ = {
			isa = PBXNativeTarget;
			buildConfigurationList = CC9A864526DC440000D7B9D8 /* Build configuration list for PBXNativeTarget "You Are Awesome!Tests" */;
			buildPhases = (
				CC9A862A26DC440000D7B9D8 /* Sources */,
				CC9A862B26DC440000D7B9D8 /* Frameworks */,
				CC9A862C26DC440000D7B9D8 /* Resources */,
			);
			buildRules = (
			);
			dependencies = (
				CC9A863026DC440000D7B9D8 /* PBXTargetDependency */,
			);
			name = "You Are Awesome!Tests";
			productName = "You Are Awesome!Tests";
			productReference = CC9A862E26DC440000D7B9D8 /* You Are Awesome!Tests.xctest */;
			productType = "com.apple.product-type.bundle.unit-test";
		};
		CC9A863826DC440000D7B9D8 /* You Are Awesome!UITests */ = {
			isa = PBXNativeTarget;
			buildConfigurationList = CC9A864826DC440000D7B9D8 /* Build configuration list for PBXNativeTarget "You Are Awesome!UITests" */;
			buildPhases = (
				CC9A863526DC440000D7B9D8 /* Sources */,
				CC9A863626DC440000D7B9D8 /* Frameworks */,
				CC9A863726DC440000D7B9D8 /* Resources */,
			);
			buildRules = (
			);
			dependencies = (
				CC9A863B26DC440000D7B9D8 /* PBXTargetDependency */,
			);
			name = "You Are Awesome!UITests";
			productName = "You Are Awesome!UITests";
			productReference = CC9A863926DC440000D7B9D8 /* You Are Awesome!UITests.xctest */;
			productType = "com.apple.product-type.bundle.ui-testing";
		};
/* End PBXNativeTarget section */

/* Begin PBXProject section */
		CC9A861026DC43FD00D7B9D8 /* Project object */ = {
			isa = PBXProject;
			attributes = {
				LastSwiftUpdateCheck = 1250;
				LastUpgradeCheck = 1250;
				TargetAttributes = {
					CC9A861726DC43FD00D7B9D8 = {
						CreatedOnToolsVersion = 12.5.1;
					};
					CC9A862D26DC440000D7B9D8 = {
						CreatedOnToolsVersion = 12.5.1;
						TestTargetID = CC9A861726DC43FD00D7B9D8;
					};
					CC9A863826DC440000D7B9D8 = {
						CreatedOnToolsVersion = 12.5.1;
						TestTargetID = CC9A861726DC43FD00D7B9D8;
					};
				};
			};
			buildConfigurationList = CC9A861326DC43FD00D7B9D8 /* Build configuration list for PBXProject "You Are Awesome!" */;
			compatibilityVersion = "Xcode 9.3";
			developmentRegion = en;
			hasScannedForEncodings = 0;
			knownRegions = (
				en,
				Base,
			);
			mainGroup = CC9A860F26DC43FD00D7B9D8;
			productRefGroup = CC9A861926DC43FD00D7B9D8 /* Products */;
			projectDirPath = "";
			projectRoot = "";
			targets = (
				CC9A861726DC43FD00D7B9D8 /* You Are Awesome! */,
				CC9A862D26DC440000D7B9D8 /* You Are Awesome!Tests */,
				CC9A863826DC440000D7B9D8 /* You Are Awesome!UITests */,
			);
		};
/* End PBXProject section */

/* Begin PBXResourcesBuildPhase section */
		CC9A861626DC43FD00D7B9D8 /* Resources */ = {
			isa = PBXResourcesBuildPhase;
			buildActionMask = 2147483647;
			files = (
				CC9A862826DC440000D7B9D8 /* LaunchScreen.storyboard in Resources */,
				CC9A862526DC440000D7B9D8 /* Assets.xcassets in Resources */,
				CC9A862326DC43FD00D7B9D8 /* Main.storyboard in Resources */,
			);
			runOnlyForDeploymentPostprocessing = 0;
		};
		CC9A862C26DC440000D7B9D8 /* Resources */ = {
			isa = PBXResourcesBuildPhase;
			buildActionMask = 2147483647;
			files = (
			);
			runOnlyForDeploymentPostprocessing = 0;
		};
		CC9A863726DC440000D7B9D8 /* Resources */ = {
			isa = PBXResourcesBuildPhase;
			buildActionMask = 2147483647;
			files = (
			);
			runOnlyForDeploymentPostprocessing = 0;
		};
/* End PBXResourcesBuildPhase section */

/* Begin PBXSourcesBuildPhase section */
		CC9A861426DC43FD00D7B9D8 /* Sources */ = {
			isa = PBXSourcesBuildPhase;
			buildActionMask = 2147483647;
			files = (
				CC9A862026DC43FD00D7B9D8 /* ViewController.swift in Sources */,
				CC9A861C26DC43FD00D7B9D8 /* AppDelegate.swift in Sources */,
				CC9A861E26DC43FD00D7B9D8 /* SceneDelegate.swift in Sources */,
			);
			runOnlyForDeploymentPostprocessing = 0;
		};
		CC9A862A26DC440000D7B9D8 /* Sources */ = {
			isa = PBXSourcesBuildPhase;
			buildActionMask = 2147483647;
			files = (
				CC9A863326DC440000D7B9D8 /* You_Are_Awesome_Tests.swift in Sources */,
			);
			runOnlyForDeploymentPostprocessing = 0;
		};
		CC9A863526DC440000D7B9D8 /* Sources */ = {
			isa = PBXSourcesBuildPhase;
			buildActionMask = 2147483647;
			files = (
				CC9A863E26DC440000D7B9D8 /* You_Are_Awesome_UITests.swift in Sources */,
			);
			runOnlyForDeploymentPostprocessing = 0;
		};
/* End PBXSourcesBuildPhase section */

/* Begin PBXTargetDependency section */
		CC9A863026DC440000D7B9D8 /* PBXTargetDependency */ = {
			isa = PBXTargetDependency;
			target = CC9A861726DC43FD00D7B9D8 /* You Are Awesome! */;
			targetProxy = CC9A862F26DC440000D7B9D8 /* PBXContainerItemProxy */;
		};
		CC9A863B26DC440000D7B9D8 /* PBXTargetDependency */ = {
			isa = PBXTargetDependency;
			target = CC9A861726DC43FD00D7B9D8 /* You Are Awesome! */;
			targetProxy = CC9A863A26DC440000D7B9D8 /* PBXContainerItemProxy */;
		};
/* End PBXTargetDependency section */

/* Begin PBXVariantGroup section */
		CC9A862126DC43FD00D7B9D8 /* Main.storyboard */ = {
			isa = PBXVariantGroup;
			children = (
				CC9A862226DC43FD00D7B9D8 /* Base */,
			);
			name = Main.storyboard;
			sourceTree = "<group>";
		};
		CC9A862626DC440000D7B9D8 /* LaunchScreen.storyboard */ = {
			isa = PBXVariantGroup;
			children = (
				CC9A862726DC440000D7B9D8 /* Base */,
			);
			name = LaunchScreen.storyboard;
			sourceTree = "<group>";
		};
/* End PBXVariantGroup section */

/* Begin XCBuildConfiguration section */
		CC9A864026DC440000D7B9D8 /* Debug */ = {
			isa = XCBuildConfiguration;
			buildSettings = {
				ALWAYS_SEARCH_USER_PATHS = NO;
				CLANG_ANALYZER_NONNULL = YES;
				CLANG_ANALYZER_NUMBER_OBJECT_CONVERSION = YES_AGGRESSIVE;
				CLANG_CXX_LANGUAGE_STANDARD = "gnu++14";
				CLANG_CXX_LIBRARY = "libc++";
				CLANG_ENABLE_MODULES = YES;
				CLANG_ENABLE_OBJC_ARC = YES;
				CLANG_ENABLE_OBJC_WEAK = YES;
				CLANG_WARN_BLOCK_CAPTURE_AUTORELEASING = YES;
				CLANG_WARN_BOOL_CONVERSION = YES;
				CLANG_WARN_COMMA = YES;
				CLANG_WARN_CONSTANT_CONVERSION = YES;
				CLANG_WARN_DEPRECATED_OBJC_IMPLEMENTATIONS = YES;
				CLANG_WARN_DIRECT_OBJC_ISA_USAGE = YES_ERROR;
				CLANG_WARN_DOCUMENTATION_COMMENTS = YES;
				CLANG_WARN_EMPTY_BODY = YES;
				CLANG_WARN_ENUM_CONVERSION = YES;
				CLANG_WARN_INFINITE_RECURSION = YES;
				CLANG_WARN_INT_CONVERSION = YES;
				CLANG_WARN_NON_LITERAL_NULL_CONVERSION = YES;
				CLANG_WARN_OBJC_IMPLICIT_RETAIN_SELF = YES;
				CLANG_WARN_OBJC_LITERAL_CONVERSION = YES;
				CLANG_WARN_OBJC_ROOT_CLASS = YES_ERROR;
				CLANG_WARN_QUOTED_INCLUDE_IN_FRAMEWORK_HEADER = YES;
				CLANG_WARN_RANGE_LOOP_ANALYSIS = YES;
				CLANG_WARN_STRICT_PROTOTYPES = YES;
				CLANG_WARN_SUSPICIOUS_MOVE = YES;
				CLANG_WARN_UNGUARDED_AVAILABILITY = YES_AGGRESSIVE;
				CLANG_WARN_UNREACHABLE_CODE = YES;
				CLANG_WARN__DUPLICATE_METHOD_MATCH = YES;
				COPY_PHASE_STRIP = NO;
				DEBUG_INFORMATION_FORMAT = dwarf;
				ENABLE_STRICT_OBJC_MSGSEND = YES;
				ENABLE_TESTABILITY = YES;
				GCC_C_LANGUAGE_STANDARD = gnu11;
				GCC_DYNAMIC_NO_PIC = NO;
				GCC_NO_COMMON_BLOCKS = YES;
				GCC_OPTIMIZATION_LEVEL = 0;
				GCC_PREPROCESSOR_DEFINITIONS = (
					"DEBUG=1",
					"$(inherited)",
				);
				GCC_WARN_64_TO_32_BIT_CONVERSION = YES;
				GCC_WARN_ABOUT_RETURN_TYPE = YES_ERROR;
				GCC_WARN_UNDECLARED_SELECTOR = YES;
				GCC_WARN_UNINITIALIZED_AUTOS = YES_AGGRESSIVE;
				GCC_WARN_UNUSED_FUNCTION = YES;
				GCC_WARN_UNUSED_VARIABLE = YES;
				IPHONEOS_DEPLOYMENT_TARGET = 14.5;
				MTL_ENABLE_DEBUG_INFO = INCLUDE_SOURCE;
				MTL_FAST_MATH = YES;
				ONLY_ACTIVE_ARCH = YES;
				SDKROOT = iphoneos;
				SWIFT_ACTIVE_COMPILATION_CONDITIONS = DEBUG;
				SWIFT_OPTIMIZATION_LEVEL = "-Onone";
			};
			name = Debug;
		};
		CC9A864126DC440000D7B9D8 /* Release */ = {
			isa = XCBuildConfiguration;
			buildSettings = {
				ALWAYS_SEARCH_USER_PATHS = NO;
				CLANG_ANALYZER_NONNULL = YES;
				CLANG_ANALYZER_NUMBER_OBJECT_CONVERSION = YES_AGGRESSIVE;
				CLANG_CXX_LANGUAGE_STANDARD = "gnu++14";
				CLANG_CXX_LIBRARY = "libc++";
				CLANG_ENABLE_MODULES = YES;
				CLANG_ENABLE_OBJC_ARC = YES;
				CLANG_ENABLE_OBJC_WEAK = YES;
				CLANG_WARN_BLOCK_CAPTURE_AUTORELEASING = YES;
				CLANG_WARN_BOOL_CONVERSION = YES;
				CLANG_WARN_COMMA = YES;
				CLANG_WARN_CONSTANT_CONVERSION = YES;
				CLANG_WARN_DEPRECATED_OBJC_IMPLEMENTATIONS = YES;
				CLANG_WARN_DIRECT_OBJC_ISA_USAGE = YES_ERROR;
				CLANG_WARN_DOCUMENTATION_COMMENTS = YES;
				CLANG_WARN_EMPTY_BODY = YES;
				CLANG_WARN_ENUM_CONVERSION = YES;
				CLANG_WARN_INFINITE_RECURSION = YES;
				CLANG_WARN_INT_CONVERSION = YES;
				CLANG_WARN_NON_LITERAL_NULL_CONVERSION = YES;
				CLANG_WARN_OBJC_IMPLICIT_RETAIN_SELF = YES;
				CLANG_WARN_OBJC_LITERAL_CONVERSION = YES;
				CLANG_WARN_OBJC_ROOT_CLASS = YES_ERROR;
				CLANG_WARN_QUOTED_INCLUDE_IN_FRAMEWORK_HEADER = YES;
				CLANG_WARN_RANGE_LOOP_ANALYSIS = YES;
				CLANG_WARN_STRICT_PROTOTYPES = YES;
				CLANG_WARN_SUSPICIOUS_MOVE = YES;
				CLANG_WARN_UNGUARDED_AVAILABILITY = YES_AGGRESSIVE;
				CLANG_WARN_UNREACHABLE_CODE = YES;
				CLANG_WARN__DUPLICATE_METHOD_MATCH = YES;
				COPY_PHASE_STRIP = NO;
				DEBUG_INFORMATION_FORMAT = "dwarf-with-dsym";
				ENABLE_NS_ASSERTIONS = NO;
				ENABLE_STRICT_OBJC_MSGSEND = YES;
				GCC_C_LANGUAGE_STANDARD = gnu11;
				GCC_NO_COMMON_BLOCKS = YES;
				GCC_WARN_64_TO_32_BIT_CONVERSION = YES;
				GCC_WARN_ABOUT_RETURN_TYPE = YES_ERROR;
				GCC_WARN_UNDECLARED_SELECTOR = YES;
				GCC_WARN_UNINITIALIZED_AUTOS = YES_AGGRESSIVE;
				GCC_WARN_UNUSED_FUNCTION = YES;
				GCC_WARN_UNUSED_VARIABLE = YES;
				IPHONEOS_DEPLOYMENT_TARGET = 14.5;
				MTL_ENABLE_DEBUG_INFO = NO;
				MTL_FAST_MATH = YES;
				SDKROOT = iphoneos;
				SWIFT_COMPILATION_MODE = wholemodule;
				SWIFT_OPTIMIZATION_LEVEL = "-O";
				VALIDATE_PRODUCT = YES;
			};
			name = Release;
		};
		CC9A864326DC440000D7B9D8 /* Debug */ = {
			isa = XCBuildConfiguration;
			buildSettings = {
				ASSETCATALOG_COMPILER_APPICON_NAME = AppIcon;
				ASSETCATALOG_COMPILER_GLOBAL_ACCENT_COLOR_NAME = AccentColor;
				CODE_SIGN_STYLE = Automatic;
				DEVELOPMENT_TEAM = S46539AR7M;
				INFOPLIST_FILE = "You Are Awesome!/Info.plist";
				LD_RUNPATH_SEARCH_PATHS = (
					"$(inherited)",
					"@executable_path/Frameworks",
				);
				PRODUCT_BUNDLE_IDENTIFIER = "Connor-Goodman.You-Are-Awesome-";
				PRODUCT_NAME = "$(TARGET_NAME)";
				SWIFT_VERSION = 5.0;
				TARGETED_DEVICE_FAMILY = "1,2";
			};
			name = Debug;
		};
		CC9A864426DC440000D7B9D8 /* Release */ = {
			isa = XCBuildConfiguration;
			buildSettings = {
				ASSETCATALOG_COMPILER_APPICON_NAME = AppIcon;
				ASSETCATALOG_COMPILER_GLOBAL_ACCENT_COLOR_NAME = AccentColor;
				CODE_SIGN_STYLE = Automatic;
				DEVELOPMENT_TEAM = S46539AR7M;
				INFOPLIST_FILE = "You Are Awesome!/Info.plist";
				LD_RUNPATH_SEARCH_PATHS = (
					"$(inherited)",
					"@executable_path/Frameworks",
				);
				PRODUCT_BUNDLE_IDENTIFIER = "Connor-Goodman.You-Are-Awesome-";
				PRODUCT_NAME = "$(TARGET_NAME)";
				SWIFT_VERSION = 5.0;
				TARGETED_DEVICE_FAMILY = "1,2";
			};
			name = Release;
		};
		CC9A864626DC440000D7B9D8 /* Debug */ = {
			isa = XCBuildConfiguration;
			buildSettings = {
				ALWAYS_EMBED_SWIFT_STANDARD_LIBRARIES = YES;
				BUNDLE_LOADER = "$(TEST_HOST)";
				CODE_SIGN_STYLE = Automatic;
				DEVELOPMENT_TEAM = S46539AR7M;
				INFOPLIST_FILE = "You Are Awesome!Tests/Info.plist";
				IPHONEOS_DEPLOYMENT_TARGET = 14.5;
				LD_RUNPATH_SEARCH_PATHS = (
					"$(inherited)",
					"@executable_path/Frameworks",
					"@loader_path/Frameworks",
				);
				PRODUCT_BUNDLE_IDENTIFIER = "Connor-Goodman.You-Are-Awesome-Tests";
				PRODUCT_NAME = "$(TARGET_NAME)";
				SWIFT_VERSION = 5.0;
				TARGETED_DEVICE_FAMILY = "1,2";
				TEST_HOST = "$(BUILT_PRODUCTS_DIR)/You Are Awesome!.app/You Are Awesome!";
			};
			name = Debug;
		};
		CC9A864726DC440000D7B9D8 /* Release */ = {
			isa = XCBuildConfiguration;
			buildSettings = {
				ALWAYS_EMBED_SWIFT_STANDARD_LIBRARIES = YES;
				BUNDLE_LOADER = "$(TEST_HOST)";
				CODE_SIGN_STYLE = Automatic;
				DEVELOPMENT_TEAM = S46539AR7M;
				INFOPLIST_FILE = "You Are Awesome!Tests/Info.plist";
				IPHONEOS_DEPLOYMENT_TARGET = 14.5;
				LD_RUNPATH_SEARCH_PATHS = (
					"$(inherited)",
					"@executable_path/Frameworks",
					"@loader_path/Frameworks",
				);
				PRODUCT_BUNDLE_IDENTIFIER = "Connor-Goodman.You-Are-Awesome-Tests";
				PRODUCT_NAME = "$(TARGET_NAME)";
				SWIFT_VERSION = 5.0;
				TARGETED_DEVICE_FAMILY = "1,2";
				TEST_HOST = "$(BUILT_PRODUCTS_DIR)/You Are Awesome!.app/You Are Awesome!";
			};
			name = Release;
		};
		CC9A864926DC440000D7B9D8 /* Debug */ = {
			isa = XCBuildConfiguration;
			buildSettings = {
				ALWAYS_EMBED_SWIFT_STANDARD_LIBRARIES = YES;
				CODE_SIGN_STYLE = Automatic;
				DEVELOPMENT_TEAM = S46539AR7M;
				INFOPLIST_FILE = "You Are Awesome!UITests/Info.plist";
				LD_RUNPATH_SEARCH_PATHS = (
					"$(inherited)",
					"@executable_path/Frameworks",
					"@loader_path/Frameworks",
				);
				PRODUCT_BUNDLE_IDENTIFIER = "Connor-Goodman.You-Are-Awesome-UITests";
				PRODUCT_NAME = "$(TARGET_NAME)";
				SWIFT_VERSION = 5.0;
				TARGETED_DEVICE_FAMILY = "1,2";
				TEST_TARGET_NAME = "You Are Awesome!";
			};
			name = Debug;
		};
		CC9A864A26DC440000D7B9D8 /* Release */ = {
			isa = XCBuildConfiguration;
			buildSettings = {
				ALWAYS_EMBED_SWIFT_STANDARD_LIBRARIES = YES;
				CODE_SIGN_STYLE = Automatic;
				DEVELOPMENT_TEAM = S46539AR7M;
				INFOPLIST_FILE = "You Are Awesome!UITests/Info.plist";
				LD_RUNPATH_SEARCH_PATHS = (
					"$(inherited)",
					"@executable_path/Frameworks",
					"@loader_path/Frameworks",
				);
				PRODUCT_BUNDLE_IDENTIFIER = "Connor-Goodman.You-Are-Awesome-UITests";
				PRODUCT_NAME = "$(TARGET_NAME)";
				SWIFT_VERSION = 5.0;
				TARGETED_DEVICE_FAMILY = "1,2";
				TEST_TARGET_NAME = "You Are Awesome!";
			};
			name = Release;
		};
/* End XCBuildConfiguration section */

/* Begin XCConfigurationList section */
		CC9A861326DC43FD00D7B9D8 /* Build configuration list for PBXProject "You Are Awesome!" */ = {
			isa = XCConfigurationList;
			buildConfigurations = (
				CC9A864026DC440000D7B9D8 /* Debug */,
				CC9A864126DC440000D7B9D8 /* Release */,
			);
			defaultConfigurationIsVisible = 0;
			defaultConfigurationName = Release;
		};
		CC9A864226DC440000D7B9D8 /* Build configuration list for PBXNativeTarget "You Are Awesome!" */ = {
			isa = XCConfigurationList;
			buildConfigurations = (
				CC9A864326DC440000D7B9D8 /* Debug */,
				CC9A864426DC440000D7B9D8 /* Release */,
			);
			defaultConfigurationIsVisible = 0;
			defaultConfigurationName = Release;
		};
		CC9A864526DC440000D7B9D8 /* Build configuration list for PBXNativeTarget "You Are Awesome!Tests" */ = {
			isa = XCConfigurationList;
			buildConfigurations = (
				CC9A864626DC440000D7B9D8 /* Debug */,
				CC9A864726DC440000D7B9D8 /* Release */,
			);
			defaultConfigurationIsVisible = 0;
			defaultConfigurationName = Release;
		};
		CC9A864826DC440000D7B9D8 /* Build configuration list for PBXNativeTarget "You Are Awesome!UITests" */ = {
			isa = XCConfigurationList;
			buildConfigurations = (
				CC9A864926DC440000D7B9D8 /* Debug */,
				CC9A864A26DC440000D7B9D8 /* Release */,
			);
			defaultConfigurationIsVisible = 0;
			defaultConfigurationName = Release;
		};
/* End XCConfigurationList section */
	};
	rootObject = CC9A861026DC43FD00D7B9D8 /* Project object */;
}
